
Microsoft Visual Studio Solution File, Format Version 12.00
# Visual Studio Version 17
VisualStudioVersion = 17.10.35122.118
MinimumVisualStudioVersion = 10.0.40219.1
Project("{9A19103F-16F7-4668-BE54-9A1E7A4F7556}") = "Chat", "Chat\Chat.csproj", "{CEDC6D9A-76A3-4A69-9C59-A5CDD2C89963}"
EndProject
Project("{E53339B2-1760-4266-BCC7-CA923CBCF16C}") = "docker-compose", "docker-compose.dcproj", "{D09F3F4E-F934-4018-8CC2-37C03D05DAD5}"
EndProject
Global
	GlobalSection(SolutionConfigurationPlatforms) = preSolution
		Debug|Any CPU = Debug|Any CPU
		Release|Any CPU = Release|Any CPU
	EndGlobalSection
	GlobalSection(ProjectConfigurationPlatforms) = postSolution
		{CEDC6D9A-76A3-4A69-9C59-A5CDD2C89963}.Debug|Any CPU.ActiveCfg = Debug|Any CPU
		{CEDC6D9A-76A3-4A69-9C59-A5CDD2C89963}.Debug|Any CPU.Build.0 = Debug|Any CPU
		{CEDC6D9A-76A3-4A69-9C59-A5CDD2C89963}.Release|Any CPU.ActiveCfg = Release|Any CPU
		{CEDC6D9A-76A3-4A69-9C59-A5CDD2C89963}.Release|Any CPU.Build.0 = Release|Any CPU
		{D09F3F4E-F934-4018-8CC2-37C03D05DAD5}.Debug|Any CPU.ActiveCfg = Debug|Any CPU
		{D09F3F4E-F934-4018-8CC2-37C03D05DAD5}.Debug|Any CPU.Build.0 = Debug|Any CPU
		{D09F3F4E-F934-4018-8CC2-37C03D05DAD5}.Release|Any CPU.ActiveCfg = Release|Any CPU
		{D09F3F4E-F934-4018-8CC2-37C03D05DAD5}.Release|Any CPU.Build.0 = Release|Any CPU
	EndGlobalSection
	GlobalSection(SolutionProperties) = preSolution
		HideSolutionNode = FALSE
	EndGlobalSection
	GlobalSection(ExtensibilityGlobals) = postSolution
		SolutionGuid = {18F65FA1-F250-4336-B8D9-1C84EDD30858}
	EndGlobalSection
EndGlobal
